Microsoft Visual Studio Solution File, Format Version 11.00
# Visual Studio 2019

Project("{9891784D-1F89-DDCA-2E2A-15171E73246A}") = "MagicMissile", "Assembly-CSharp.csproj", "{9F68CF24-52EC-681D-E67C-04045CC581A4}"
EndProject
Global
	GlobalSection(SolutionConfigurationPlatforms) = preSolution
		Debug|Any CPU = Debug|Any CPU
		Release|Any CPU = Release|Any CPU
	EndGlobalSection
	GlobalSection(ProjectConfigurationPlatforms) = postSolution
		{9F68CF24-52EC-681D-E67C-04045CC581A4}.Debug|Any CPU.ActiveCfg = Debug|Any CPU
		{9F68CF24-52EC-681D-E67C-04045CC581A4}.Debug|Any CPU.Build.0 = Debug|Any CPU
		{9F68CF24-52EC-681D-E67C-04045CC581A4}.Release|Any CPU.ActiveCfg = Release|Any CPU
		{9F68CF24-52EC-681D-E67C-04045CC581A4}.Release|Any CPU.Build.0 = Release|Any CPU
	EndGlobalSection
	GlobalSection(SolutionProperties) = preSolution
		HideSolutionNode = FALSE
	EndGlobalSection
	GlobalSection(MonoDevelopProperties) = preSolution
		StartupItem = Assembly-CSharp.csproj
	EndGlobalSection
EndGlobal
